
Microsoft Visual Studio Solution File, Format Version 12.00
# Visual Studio Version 16
VisualStudioVersion = 16.0.31112.23
MinimumVisualStudioVersion = 10.0.40219.1
Project("{FAE04EC0-301F-11D3-BF4B-00C04F79EFBC}") = "BaitapPhanSo", "BaitapPhanSo\BaitapPhanSo.csproj", "{B505A8F7-96AB-4162-9479-52760BB132F3}"
EndProject
Global
	GlobalSection(SolutionConfigurationPlatforms) = preSolution
		Debug|Any CPU = Debug|Any CPU
		Release|Any CPU = Release|Any CPU
	EndGlobalSection
	GlobalSection(ProjectConfigurationPlatforms) = postSolution
		{B505A8F7-96AB-4162-9479-52760BB132F3}.Debug|Any CPU.ActiveCfg = Debug|Any CPU
		{B505A8F7-96AB-4162-9479-52760BB132F3}.Debug|Any CPU.Build.0 = Debug|Any CPU
		{B505A8F7-96AB-4162-9479-52760BB132F3}.Release|Any CPU.ActiveCfg = Release|Any CPU
		{B505A8F7-96AB-4162-9479-52760BB132F3}.Release|Any CPU.Build.0 = Release|Any CPU
	EndGlobalSection
	GlobalSection(SolutionProperties) = preSolution
		HideSolutionNode = FALSE
	EndGlobalSection
	GlobalSection(ExtensibilityGlobals) = postSolution
		SolutionGuid = {CEC90E09-A6C6-4840-A655-2BBBD04787B6}
	EndGlobalSection
EndGlobal
